// !$*UTF8*$!
{
	archiveVersion = 1;
	classes = {
	};
	objectVersion = 51;
	objects = {

/* Begin PBXBuildFile section */
		6FFE7AC7E7498F18EEA4DE9E /* Pods_MovieTvTests.framework in Frameworks */ = {isa = PBXBuildFile; fileRef = 56577140C5D2D456F7362456 /* Pods_MovieTvTests.framework */; };
		8758E455267269F0003FABA0 /* UICollectionViewLayout+Extension.swift in Sources */ = {isa = PBXBuildFile; fileRef = 8758E454267269F0003FABA0 /* UICollectionViewLayout+Extension.swift */; };
		8758E45A267269FF003FABA0 /* UIImageView+Extension.swift in Sources */ = {isa = PBXBuildFile; fileRef = 8758E459267269FF003FABA0 /* UIImageView+Extension.swift */; };
		8758E47126726EA2003FABA0 /* MovTvItemCollectionViewCell.swift in Sources */ = {isa = PBXBuildFile; fileRef = 8758E46F26726EA2003FABA0 /* MovTvItemCollectionViewCell.swift */; };
		8758E47226726EA2003FABA0 /* MovTvItemCollectionViewCell.xib in Resources */ = {isa = PBXBuildFile; fileRef = 8758E47026726EA2003FABA0 /* MovTvItemCollectionViewCell.xib */; };
		8758E48A26727CC1003FABA0 /* ResponseModel.swift in Sources */ = {isa = PBXBuildFile; fileRef = 8758E48926727CC1003FABA0 /* ResponseModel.swift */; };
		8758E48F26727E6B003FABA0 /* ViewModelProtocol.swift in Sources */ = {isa = PBXBuildFile; fileRef = 8758E48E26727E6B003FABA0 /* ViewModelProtocol.swift */; };
		8758E4E726728CB1003FABA0 /* ActivityIndicator.swift in Sources */ = {isa = PBXBuildFile; fileRef = 8758E4E626728CB1003FABA0 /* ActivityIndicator.swift */; };
		8758E4F126728CD2003FABA0 /* StrokeColorAnimation.swift in Sources */ = {isa = PBXBuildFile; fileRef = 8758E4EC26728CD2003FABA0 /* StrokeColorAnimation.swift */; };
		8758E4F226728CD2003FABA0 /* RotationAnimation.swift in Sources */ = {isa = PBXBuildFile; fileRef = 8758E4ED26728CD2003FABA0 /* RotationAnimation.swift */; };
		8758E4F326728CD2003FABA0 /* ProgressView.swift in Sources */ = {isa = PBXBuildFile; fileRef = 8758E4EE26728CD2003FABA0 /* ProgressView.swift */; };
		8758E4F426728CD2003FABA0 /* StrokeAnimation.swift in Sources */ = {isa = PBXBuildFile; fileRef = 8758E4EF26728CD2003FABA0 /* StrokeAnimation.swift */; };
		8758E4F526728CD2003FABA0 /* ProgressShapeLayer.swift in Sources */ = {isa = PBXBuildFile; fileRef = 8758E4F026728CD2003FABA0 /* ProgressShapeLayer.swift */; };
		8758E55926729FF6003FABA0 /* ToastView.swift in Sources */ = {isa = PBXBuildFile; fileRef = 8758E55826729FF6003FABA0 /* ToastView.swift */; };
		8758E55E2672A4E4003FABA0 /* TVShowsListViewModel.swift in Sources */ = {isa = PBXBuildFile; fileRef = 8758E55D2672A4E4003FABA0 /* TVShowsListViewModel.swift */; };
		8758E5662672A905003FABA0 /* EachItemViewModel.swift in Sources */ = {isa = PBXBuildFile; fileRef = 8758E5652672A905003FABA0 /* EachItemViewModel.swift */; };
		87705F1E267370350009146A /* UIMessages.swift in Sources */ = {isa = PBXBuildFile; fileRef = 87705F1D267370350009146A /* UIMessages.swift */; };
		87705F2726738CC10009146A /* SearchResultTableViewCell.swift in Sources */ = {isa = PBXBuildFile; fileRef = 87705F2626738CC10009146A /* SearchResultTableViewCell.swift */; };
		87705F2C26738D110009146A /* SearchShowsViewModel.swift in Sources */ = {isa = PBXBuildFile; fileRef = 87705F2B26738D110009146A /* SearchShowsViewModel.swift */; };
		87824125267498AB00D84F8C /* DetailsResponse.swift in Sources */ = {isa = PBXBuildFile; fileRef = 87824124267498AA00D84F8C /* DetailsResponse.swift */; };
		8782412F26749F4E00D84F8C /* poster.jpeg in Resources */ = {isa = PBXBuildFile; fileRef = 8782412E26749F4E00D84F8C /* poster.jpeg */; };
		878241342674AA1B00D84F8C /* ShowsDetailsViewModel.swift in Sources */ = {isa = PBXBuildFile; fileRef = 878241332674AA1B00D84F8C /* ShowsDetailsViewModel.swift */; };
		8783F4962671153D008D88F3 /* AppDelegate.swift in Sources */ = {isa = PBXBuildFile; fileRef = 8783F4952671153D008D88F3 /* AppDelegate.swift */; };
		8783F4982671153D008D88F3 /* SceneDelegate.swift in Sources */ = {isa = PBXBuildFile; fileRef = 8783F4972671153D008D88F3 /* SceneDelegate.swift */; };
		8783F49D2671153D008D88F3 /* Main.storyboard in Resources */ = {isa = PBXBuildFile; fileRef = 8783F49B2671153D008D88F3 /* Main.storyboard */; };
		8783F4A22671153E008D88F3 /* LaunchScreen.storyboard in Resources */ = {isa = PBXBuildFile; fileRef = 8783F4A02671153E008D88F3 /* LaunchScreen.storyboard */; };
		8783F4AD2671153E008D88F3 /* MovieTvTests.swift in Sources */ = {isa = PBXBuildFile; fileRef = 8783F4AC2671153E008D88F3 /* MovieTvTests.swift */; };
		8783F4B82671153E008D88F3 /* MovieTvUITests.swift in Sources */ = {isa = PBXBuildFile; fileRef = 8783F4B72671153E008D88F3 /* MovieTvUITests.swift */; };
		8783F52726711810008D88F3 /* Assets.xcassets in Resources */ = {isa = PBXBuildFile; fileRef = 8783F52626711810008D88F3 /* Assets.xcassets */; };
		8783F5382671197E008D88F3 /* Coordinator.swift in Sources */ = {isa = PBXBuildFile; fileRef = 8783F5372671197E008D88F3 /* Coordinator.swift */; };
		8783F540267119D0008D88F3 /* Reachability.swift in Sources */ = {isa = PBXBuildFile; fileRef = 8783F53F267119D0008D88F3 /* Reachability.swift */; };
		8783F54526711AF5008D88F3 /* URL+Api.swift in Sources */ = {isa = PBXBuildFile; fileRef = 8783F54426711AF5008D88F3 /* URL+Api.swift */; };
		8783F56526711D9C008D88F3 /* URLRequest+Request.swift in Sources */ = {isa = PBXBuildFile; fileRef = 8783F56426711D9C008D88F3 /* URLRequest+Request.swift */; };
		8783F56A26711ECA008D88F3 /* TMDbWebService.swift in Sources */ = {isa = PBXBuildFile; fileRef = 8783F56926711ECA008D88F3 /* TMDbWebService.swift */; };
		8783F56F267126EE008D88F3 /* TabBarCoordinator.swift in Sources */ = {isa = PBXBuildFile; fileRef = 8783F56E267126EE008D88F3 /* TabBarCoordinator.swift */; };
		8783F57426712708008D88F3 /* AppCoordinator.swift in Sources */ = {isa = PBXBuildFile; fileRef = 8783F57326712708008D88F3 /* AppCoordinator.swift */; };
		8783F57926712D98008D88F3 /* MovieListViewController.swift in Sources */ = {isa = PBXBuildFile; fileRef = 8783F57826712D98008D88F3 /* MovieListViewController.swift */; };
		8783F57E26712DB6008D88F3 /* TVShowsViewController.swift in Sources */ = {isa = PBXBuildFile; fileRef = 8783F57D26712DB6008D88F3 /* TVShowsViewController.swift */; };
		8783F58326712DDA008D88F3 /* SearchShowsViewController.swift in Sources */ = {isa = PBXBuildFile; fileRef = 8783F58226712DDA008D88F3 /* SearchShowsViewController.swift */; };
		8783F58826712F5A008D88F3 /* MovieListCoordinator.swift in Sources */ = {isa = PBXBuildFile; fileRef = 8783F58726712F5A008D88F3 /* MovieListCoordinator.swift */; };
		8783F58D26712F7C008D88F3 /* SearchShowsCoordinator.swift in Sources */ = {isa = PBXBuildFile; fileRef = 8783F58C26712F7C008D88F3 /* SearchShowsCoordinator.swift */; };
		8783F59226712FA9008D88F3 /* TVShowsCoordinator.swift in Sources */ = {isa = PBXBuildFile; fileRef = 8783F59126712FA9008D88F3 /* TVShowsCoordinator.swift */; };
		8783F59D26712FF8008D88F3 /* ShowsDetailsViewController.swift in Sources */ = {isa = PBXBuildFile; fileRef = 8783F59C26712FF8008D88F3 /* ShowsDetailsViewController.swift */; };
		8783F5A226713012008D88F3 /* ShowsDetailsCoordinator.swift in Sources */ = {isa = PBXBuildFile; fileRef = 8783F5A126713012008D88F3 /* ShowsDetailsCoordinator.swift */; };
		8783F5AA26713690008D88F3 /* UIViewController+Extensions.swift in Sources */ = {isa = PBXBuildFile; fileRef = 8783F5A926713690008D88F3 /* UIViewController+Extensions.swift */; };
		8783F5D826715853008D88F3 /* MovieListViewModel.swift in Sources */ = {isa = PBXBuildFile; fileRef = 8783F5D726715853008D88F3 /* MovieListViewModel.swift */; };
		87AA452D2676515A00406165 /* UIImage+Image.swift in Sources */ = {isa = PBXBuildFile; fileRef = 87AA452C2676515A00406165 /* UIImage+Image.swift */; };
		AB0DB28DE10BA08C6DAA0220 /* Pods_MovieTv_MovieTvUITests.framework in Frameworks */ = {isa = PBXBuildFile; fileRef = 21F60F6CCFBCD1D02835F634 /* Pods_MovieTv_MovieTvUITests.framework */; };
		AEA9381F0F61010FCE123BC0 /* Pods_MovieTv.framework in Frameworks */ = {isa = PBXBuildFile; fileRef = 90E87411A29FC66B882F7C19 /* Pods_MovieTv.framework */; };
/* End PBXBuildFile section */

/* Begin PBXContainerItemProxy section */
		8783F4A92671153E008D88F3 /* PBXContainerItemProxy */ = {
			isa = PBXContainerItemProxy;
			containerPortal = 8783F48A2671153C008D88F3 /* Project object */;
			proxyType = 1;
			remoteGlobalIDString = 8783F4912671153D008D88F3;
			remoteInfo = MovieTv;
		};
		8783F4B42671153E008D88F3 /* PBXContainerItemProxy */ = {
			isa = PBXContainerItemProxy;
			containerPortal = 8783F48A2671153C008D88F3 /* Project object */;
			proxyType = 1;
			remoteGlobalIDString = 8783F4912671153D008D88F3;
			remoteInfo = MovieTv;
		};
/* End PBXContainerItemProxy section */

/* Begin PBXFileReference section */
		19580E789F21682E9F6A5E93 /* Pods-MovieTv-MovieTvUITests.release.xcconfig */ = {isa = PBXFileReference; includeInIndex = 1; lastKnownFileType = text.xcconfig; name = "Pods-MovieTv-MovieTvUITests.release.xcconfig"; path = "Target Support Files/Pods-MovieTv-MovieTvUITests/Pods-MovieTv-MovieTvUITests.release.xcconfig"; sourceTree = "<group>"; };
		21F60F6CCFBCD1D02835F634 /* Pods_MovieTv_MovieTvUITests.framework */ = {isa = PBXFileReference; explicitFileType = wrapper.framework; includeInIndex = 0; path = Pods_MovieTv_MovieTvUITests.framework; sourceTree = BUILT_PRODUCTS_DIR; };
		53274F6B27E326D47BA49E38 /* Pods-MovieTv.debug.xcconfig */ = {isa = PBXFileReference; includeInIndex = 1; lastKnownFileType = text.xcconfig; name = "Pods-MovieTv.debug.xcconfig"; path = "Target Support Files/Pods-MovieTv/Pods-MovieTv.debug.xcconfig"; sourceTree = "<group>"; };
		56577140C5D2D456F7362456 /* Pods_MovieTvTests.framework */ = {isa = PBXFileReference; explicitFileType = wrapper.framework; includeInIndex = 0; path = Pods_MovieTvTests.framework; sourceTree = BUILT_PRODUCTS_DIR; };
		8052AD38E5D9E3F8B529527E /* Pods-MovieTv.release.xcconfig */ = {isa = PBXFileReference; includeInIndex = 1; lastKnownFileType = text.xcconfig; name = "Pods-MovieTv.release.xcconfig"; path = "Target Support Files/Pods-MovieTv/Pods-MovieTv.release.xcconfig"; sourceTree = "<group>"; };
		8758E454267269F0003FABA0 /* UICollectionViewLayout+Extension.swift */ = {isa = PBXFileReference; fileEncoding = 4; lastKnownFileType = sourcecode.swift; path = "UICollectionViewLayout+Extension.swift"; sourceTree = "<group>"; };
		8758E459267269FF003FABA0 /* UIImageView+Extension.swift */ = {isa = PBXFileReference; fileEncoding = 4; lastKnownFileType = sourcecode.swift; path = "UIImageView+Extension.swift"; sourceTree = "<group>"; };
		8758E46826726BFC003FABA0 /* MovieTv-Bridging-Header.h */ = {isa = PBXFileReference; lastKnownFileType = sourcecode.c.h; path = "MovieTv-Bridging-Header.h"; sourceTree = "<group>"; };
		8758E46F26726EA2003FABA0 /* MovTvItemCollectionViewCell.swift */ = {isa = PBXFileReference; lastKnownFileType = sourcecode.swift; path = MovTvItemCollectionViewCell.swift; sourceTree = "<group>"; };
		8758E47026726EA2003FABA0 /* MovTvItemCollectionViewCell.xib */ = {isa = PBXFileReference; lastKnownFileType = file.xib; path = MovTvItemCollectionViewCell.xib; sourceTree = "<group>"; };
		8758E48926727CC1003FABA0 /* ResponseModel.swift */ = {isa = PBXFileReference; lastKnownFileType = sourcecode.swift; path = ResponseModel.swift; sourceTree = "<group>"; };
		8758E48E26727E6B003FABA0 /* ViewModelProtocol.swift */ = {isa = PBXFileReference; lastKnownFileType = sourcecode.swift; path = ViewModelProtocol.swift; sourceTree = "<group>"; };
		8758E4E626728CB1003FABA0 /* ActivityIndicator.swift */ = {isa = PBXFileReference; fileEncoding = 4; lastKnownFileType = sourcecode.swift; path = ActivityIndicator.swift; sourceTree = "<group>"; };
		8758E4EC26728CD2003FABA0 /* StrokeColorAnimation.swift */ = {isa = PBXFileReference; fileEncoding = 4; lastKnownFileType = sourcecode.swift; path = StrokeColorAnimation.swift; sourceTree = "<group>"; };
		8758E4ED26728CD2003FABA0 /* RotationAnimation.swift */ = {isa = PBXFileReference; fileEncoding = 4; lastKnownFileType = sourcecode.swift; path = RotationAnimation.swift; sourceTree = "<group>"; };
		8758E4EE26728CD2003FABA0 /* ProgressView.swift */ = {isa = PBXFileReference; fileEncoding = 4; lastKnownFileType = sourcecode.swift; path = ProgressView.swift; sourceTree = "<group>"; };
		8758E4EF26728CD2003FABA0 /* StrokeAnimation.swift */ = {isa = PBXFileReference; fileEncoding = 4; lastKnownFileType = sourcecode.swift; path = StrokeAnimation.swift; sourceTree = "<group>"; };
		8758E4F026728CD2003FABA0 /* ProgressShapeLayer.swift */ = {isa = PBXFileReference; fileEncoding = 4; lastKnownFileType = sourcecode.swift; path = ProgressShapeLayer.swift; sourceTree = "<group>"; };
		8758E55826729FF6003FABA0 /* ToastView.swift */ = {isa = PBXFileReference; fileEncoding = 4; lastKnownFileType = sourcecode.swift; path = ToastView.swift; sourceTree = "<group>"; };
		8758E55D2672A4E4003FABA0 /* TVShowsListViewModel.swift */ = {isa = PBXFileReference; lastKnownFileType = sourcecode.swift; path = TVShowsListViewModel.swift; sourceTree = "<group>"; };
		8758E5652672A905003FABA0 /* EachItemViewModel.swift */ = {isa = PBXFileReference; lastKnownFileType = sourcecode.swift; path = EachItemViewModel.swift; sourceTree = "<group>"; };
		87705F1D267370350009146A /* UIMessages.swift */ = {isa = PBXFileReference; lastKnownFileType = sourcecode.swift; path = UIMessages.swift; sourceTree = "<group>"; };
		87705F2626738CC10009146A /* SearchResultTableViewCell.swift */ = {isa = PBXFileReference; lastKnownFileType = sourcecode.swift; path = SearchResultTableViewCell.swift; sourceTree = "<group>"; };
		87705F2B26738D110009146A /* SearchShowsViewModel.swift */ = {isa = PBXFileReference; lastKnownFileType = sourcecode.swift; path = SearchShowsViewModel.swift; sourceTree = "<group>"; };
		87824124267498AA00D84F8C /* DetailsResponse.swift */ = {isa = PBXFileReference; lastKnownFileType = sourcecode.swift; path = DetailsResponse.swift; sourceTree = "<group>"; };
		8782412E26749F4E00D84F8C /* poster.jpeg */ = {isa = PBXFileReference; lastKnownFileType = image.jpeg; path = poster.jpeg; sourceTree = "<group>"; };
		878241332674AA1B00D84F8C /* ShowsDetailsViewModel.swift */ = {isa = PBXFileReference; lastKnownFileType = sourcecode.swift; path = ShowsDetailsViewModel.swift; sourceTree = "<group>"; };
		8783F4922671153D008D88F3 /* MovieTv.app */ = {isa = PBXFileReference; explicitFileType = wrapper.application; includeInIndex = 0; path = MovieTv.app; sourceTree = BUILT_PRODUCTS_DIR; };
		8783F4952671153D008D88F3 /* AppDelegate.swift */ = {isa = PBXFileReference; lastKnownFileType = sourcecode.swift; path = AppDelegate.swift; sourceTree = "<group>"; };
		8783F4972671153D008D88F3 /* SceneDelegate.swift */ = {isa = PBXFileReference; lastKnownFileType = sourcecode.swift; path = SceneDelegate.swift; sourceTree = "<group>"; };
		8783F49C2671153D008D88F3 /* Base */ = {isa = PBXFileReference; lastKnownFileType = file.storyboard; name = Base; path = Base.lproj/Main.storyboard; sourceTree = "<group>"; };
		8783F4A12671153E008D88F3 /* Base */ = {isa = PBXFileReference; lastKnownFileType = file.storyboard; name = Base; path = Base.lproj/LaunchScreen.storyboard; sourceTree = "<group>"; };
		8783F4A32671153E008D88F3 /* Info.plist */ = {isa = PBXFileReference; lastKnownFileType = text.plist.xml; path = Info.plist; sourceTree = "<group>"; };
		8783F4A82671153E008D88F3 /* MovieTvTests.xctest */ = {isa = PBXFileReference; explicitFileType = wrapper.cfbundle; includeInIndex = 0; path = MovieTvTests.xctest; sourceTree = BUILT_PRODUCTS_DIR; };
		8783F4AC2671153E008D88F3 /* MovieTvTests.swift */ = {isa = PBXFileReference; lastKnownFileType = sourcecode.swift; path = MovieTvTests.swift; sourceTree = "<group>"; };
		8783F4AE2671153E008D88F3 /* Info.plist */ = {isa = PBXFileReference; lastKnownFileType = text.plist.xml; path = Info.plist; sourceTree = "<group>"; };
		8783F4B32671153E008D88F3 /* MovieTvUITests.xctest */ = {isa = PBXFileReference; explicitFileType = wrapper.cfbundle; includeInIndex = 0; path = MovieTvUITests.xctest; sourceTree = BUILT_PRODUCTS_DIR; };
		8783F4B72671153E008D88F3 /* MovieTvUITests.swift */ = {isa = PBXFileReference; lastKnownFileType = sourcecode.swift; path = MovieTvUITests.swift; sourceTree = "<group>"; };
		8783F4B92671153E008D88F3 /* Info.plist */ = {isa = PBXFileReference; lastKnownFileType = text.plist.xml; path = Info.plist; sourceTree = "<group>"; };
		8783F52626711810008D88F3 /* Assets.xcassets */ = {isa = PBXFileReference; lastKnownFileType = folder.assetcatalog; path = Assets.xcassets; sourceTree = "<group>"; };
		8783F5372671197E008D88F3 /* Coordinator.swift */ = {isa = PBXFileReference; lastKnownFileType = sourcecode.swift; path = Coordinator.swift; sourceTree = "<group>"; };
		8783F53F267119D0008D88F3 /* Reachability.swift */ = {isa = PBXFileReference; lastKnownFileType = sourcecode.swift; path = Reachability.swift; sourceTree = "<group>"; };
		8783F54426711AF5008D88F3 /* URL+Api.swift */ = {isa = PBXFileReference; lastKnownFileType = sourcecode.swift; path = "URL+Api.swift"; sourceTree = "<group>"; };
		8783F56426711D9C008D88F3 /* URLRequest+Request.swift */ = {isa = PBXFileReference; lastKnownFileType = sourcecode.swift; path = "URLRequest+Request.swift"; sourceTree = "<group>"; };
		8783F56926711ECA008D88F3 /* TMDbWebService.swift */ = {isa = PBXFileReference; lastKnownFileType = sourcecode.swift; path = TMDbWebService.swift; sourceTree = "<group>"; };
		8783F56E267126EE008D88F3 /* TabBarCoordinator.swift */ = {isa = PBXFileReference; lastKnownFileType = sourcecode.swift; path = TabBarCoordinator.swift; sourceTree = "<group>"; };
		8783F57326712708008D88F3 /* AppCoordinator.swift */ = {isa = PBXFileReference; lastKnownFileType = sourcecode.swift; path = AppCoordinator.swift; sourceTree = "<group>"; };
		8783F57826712D98008D88F3 /* MovieListViewController.swift */ = {isa = PBXFileReference; lastKnownFileType = sourcecode.swift; path = MovieListViewController.swift; sourceTree = "<group>"; };
		8783F57D26712DB6008D88F3 /* TVShowsViewController.swift */ = {isa = PBXFileReference; lastKnownFileType = sourcecode.swift; path = TVShowsViewController.swift; sourceTree = "<group>"; };
		8783F58226712DDA008D88F3 /* SearchShowsViewController.swift */ = {isa = PBXFileReference; lastKnownFileType = sourcecode.swift; path = SearchShowsViewController.swift; sourceTree = "<group>"; };
		8783F58726712F5A008D88F3 /* MovieListCoordinator.swift */ = {isa = PBXFileReference; lastKnownFileType = sourcecode.swift; path = MovieListCoordinator.swift; sourceTree = "<group>"; };
		8783F58C26712F7C008D88F3 /* SearchShowsCoordinator.swift */ = {isa = PBXFileReference; lastKnownFileType = sourcecode.swift; path = SearchShowsCoordinator.swift; sourceTree = "<group>"; };
		8783F59126712FA9008D88F3 /* TVShowsCoordinator.swift */ = {isa = PBXFileReference; lastKnownFileType = sourcecode.swift; path = TVShowsCoordinator.swift; sourceTree = "<group>"; };
		8783F59C26712FF8008D88F3 /* ShowsDetailsViewController.swift */ = {isa = PBXFileReference; lastKnownFileType = sourcecode.swift; path = ShowsDetailsViewController.swift; sourceTree = "<group>"; };
		8783F5A126713012008D88F3 /* ShowsDetailsCoordinator.swift */ = {isa = PBXFileReference; lastKnownFileType = sourcecode.swift; path = ShowsDetailsCoordinator.swift; sourceTree = "<group>"; };
		8783F5A926713690008D88F3 /* UIViewController+Extensions.swift */ = {isa = PBXFileReference; lastKnownFileType = sourcecode.swift; path = "UIViewController+Extensions.swift"; sourceTree = "<group>"; };
		8783F5D726715853008D88F3 /* MovieListViewModel.swift */ = {isa = PBXFileReference; lastKnownFileType = sourcecode.swift; path = MovieListViewModel.swift; sourceTree = "<group>"; };
		87AA452C2676515A00406165 /* UIImage+Image.swift */ = {isa = PBXFileReference; lastKnownFileType = sourcecode.swift; path = "UIImage+Image.swift"; sourceTree = "<group>"; };
		90E87411A29FC66B882F7C19 /* Pods_MovieTv.framework */ = {isa = PBXFileReference; explicitFileType = wrapper.framework; includeInIndex = 0; path = Pods_MovieTv.framework; sourceTree = BUILT_PRODUCTS_DIR; };
		A146CB4C76306217CDE43918 /* Pods-MovieTvTests.release.xcconfig */ = {isa = PBXFileReference; includeInIndex = 1; lastKnownFileType = text.xcconfig; name = "Pods-MovieTvTests.release.xcconfig"; path = "Target Support Files/Pods-MovieTvTests/Pods-MovieTvTests.release.xcconfig"; sourceTree = "<group>"; };
		C74EB906AB967819CE16012B /* Pods-MovieTvTests.debug.xcconfig */ = {isa = PBXFileReference; includeInIndex = 1; lastKnownFileType = text.xcconfig; name = "Pods-MovieTvTests.debug.xcconfig"; path = "Target Support Files/Pods-MovieTvTests/Pods-MovieTvTests.debug.xcconfig"; sourceTree = "<group>"; };
		DEFEF022C2E431687CEF1E0A /* Pods-MovieTv-MovieTvUITests.debug.xcconfig */ = {isa = PBXFileReference; includeInIndex = 1; lastKnownFileType = text.xcconfig; name = "Pods-MovieTv-MovieTvUITests.debug.xcconfig"; path = "Target Support Files/Pods-MovieTv-MovieTvUITests/Pods-MovieTv-MovieTvUITests.debug.xcconfig"; sourceTree = "<group>"; };
/* End PBXFileReference section */

/* Begin PBXFrameworksBuildPhase section */
		8783F48F2671153D008D88F3 /* Frameworks */ = {
			isa = PBXFrameworksBuildPhase;
			buildActionMask = 2147483647;
			files = (
				AEA9381F0F61010FCE123BC0 /* Pods_MovieTv.framework in Frameworks */,
			);
			runOnlyForDeploymentPostprocessing = 0;
		};
		8783F4A52671153E008D88F3 /* Frameworks */ = {
			isa = PBXFrameworksBuildPhase;
			buildActionMask = 2147483647;
			files = (
				6FFE7AC7E7498F18EEA4DE9E /* Pods_MovieTvTests.framework in Frameworks */,
			);
			runOnlyForDeploymentPostprocessing = 0;
		};
		8783F4B02671153E008D88F3 /* Frameworks */ = {
			isa = PBXFrameworksBuildPhase;
			buildActionMask = 2147483647;
			files = (
				AB0DB28DE10BA08C6DAA0220 /* Pods_MovieTv_MovieTvUITests.framework in Frameworks */,
			);
			runOnlyForDeploymentPostprocessing = 0;
		};
/* End PBXFrameworksBuildPhase section */

/* Begin PBXGroup section */
		683B3ED27114AD84EA40207C /* Pods */ = {
			isa = PBXGroup;
			children = (
				53274F6B27E326D47BA49E38 /* Pods-MovieTv.debug.xcconfig */,
				8052AD38E5D9E3F8B529527E /* Pods-MovieTv.release.xcconfig */,
				DEFEF022C2E431687CEF1E0A /* Pods-MovieTv-MovieTvUITests.debug.xcconfig */,
				19580E789F21682E9F6A5E93 /* Pods-MovieTv-MovieTvUITests.release.xcconfig */,
				C74EB906AB967819CE16012B /* Pods-MovieTvTests.debug.xcconfig */,
				A146CB4C76306217CDE43918 /* Pods-MovieTvTests.release.xcconfig */,
			);
			path = Pods;
			sourceTree = "<group>";
		};
		84C0C1DEA2F2E7FED7A8AE85 /* Frameworks */ = {
			isa = PBXGroup;
			children = (
				90E87411A29FC66B882F7C19 /* Pods_MovieTv.framework */,
				21F60F6CCFBCD1D02835F634 /* Pods_MovieTv_MovieTvUITests.framework */,
				56577140C5D2D456F7362456 /* Pods_MovieTvTests.framework */,
			);
			name = Frameworks;
			sourceTree = "<group>";
		};
		8758E4EB26728CD2003FABA0 /* ProgressView */ = {
			isa = PBXGroup;
			children = (
				8758E4EC26728CD2003FABA0 /* StrokeColorAnimation.swift */,
				8758E4ED26728CD2003FABA0 /* RotationAnimation.swift */,
				8758E4EE26728CD2003FABA0 /* ProgressView.swift */,
				8758E4EF26728CD2003FABA0 /* StrokeAnimation.swift */,
				8758E4F026728CD2003FABA0 /* ProgressShapeLayer.swift */,
			);
			path = ProgressView;
			sourceTree = "<group>";
		};
		8783F4892671153C008D88F3 = {
			isa = PBXGroup;
			children = (
				8783F4942671153D008D88F3 /* MovieTv */,
				8783F4AB2671153E008D88F3 /* MovieTvTests */,
				8783F4B62671153E008D88F3 /* MovieTvUITests */,
				8783F4932671153D008D88F3 /* Products */,
				683B3ED27114AD84EA40207C /* Pods */,
				84C0C1DEA2F2E7FED7A8AE85 /* Frameworks */,
			);
			sourceTree = "<group>";
		};
		8783F4932671153D008D88F3 /* Products */ = {
			isa = PBXGroup;
			children = (
				8783F4922671153D008D88F3 /* MovieTv.app */,
				8783F4A82671153E008D88F3 /* MovieTvTests.xctest */,
				8783F4B32671153E008D88F3 /* MovieTvUITests.xctest */,
			);
			name = Products;
			sourceTree = "<group>";
		};
		8783F4942671153D008D88F3 /* MovieTv */ = {
			isa = PBXGroup;
			children = (
				8783F4C926711573008D88F3 /* App */,
				8783F4CD26711595008D88F3 /* Scenes */,
				8783F533267118F7008D88F3 /* Shared */,
				8783F52626711810008D88F3 /* Assets.xcassets */,
				8783F4A02671153E008D88F3 /* LaunchScreen.storyboard */,
				8782412E26749F4E00D84F8C /* poster.jpeg */,
				8783F4A32671153E008D88F3 /* Info.plist */,
				8758E46826726BFC003FABA0 /* MovieTv-Bridging-Header.h */,
			);
			path = MovieTv;
			sourceTree = "<group>";
		};
		8783F4AB2671153E008D88F3 /* MovieTvTests */ = {
			isa = PBXGroup;
			children = (
				8783F4AC2671153E008D88F3 /* MovieTvTests.swift */,
				8783F4AE2671153E008D88F3 /* Info.plist */,
			);
			path = MovieTvTests;
			sourceTree = "<group>";
		};
		8783F4B62671153E008D88F3 /* MovieTvUITests */ = {
			isa = PBXGroup;
			children = (
				8783F4B72671153E008D88F3 /* MovieTvUITests.swift */,
				8783F4B92671153E008D88F3 /* Info.plist */,
			);
			path = MovieTvUITests;
			sourceTree = "<group>";
		};
		8783F4C926711573008D88F3 /* App */ = {
			isa = PBXGroup;
			children = (
				8783F4952671153D008D88F3 /* AppDelegate.swift */,
				8783F4972671153D008D88F3 /* SceneDelegate.swift */,
			);
			path = App;
			sourceTree = "<group>";
		};
		8783F4CD26711595008D88F3 /* Scenes */ = {
			isa = PBXGroup;
			children = (
				8783F4F426711616008D88F3 /* Coordinators */,
				8783F4F3267115F3008D88F3 /* ViewModels */,
				8783F4F2267115E7008D88F3 /* Models */,
				8783F4EE267115D8008D88F3 /* Views */,
			);
			path = Scenes;
			sourceTree = "<group>";
		};
		8783F4EE267115D8008D88F3 /* Views */ = {
			isa = PBXGroup;
			children = (
				8783F5BC26714CD5008D88F3 /* Cells */,
				8783F4F52671162F008D88F3 /* Shared */,
				8783F4F626711640008D88F3 /* Controller */,
			);
			path = Views;
			sourceTree = "<group>";
		};
		8783F4F2267115E7008D88F3 /* Models */ = {
			isa = PBXGroup;
			children = (
				8758E48926727CC1003FABA0 /* ResponseModel.swift */,
				87824124267498AA00D84F8C /* DetailsResponse.swift */,
			);
			path = Models;
			sourceTree = "<group>";
		};
		8783F4F3267115F3008D88F3 /* ViewModels */ = {
			isa = PBXGroup;
			children = (
				878241332674AA1B00D84F8C /* ShowsDetailsViewModel.swift */,
				87705F2B26738D110009146A /* SearchShowsViewModel.swift */,
				8783F5D726715853008D88F3 /* MovieListViewModel.swift */,
				8758E55D2672A4E4003FABA0 /* TVShowsListViewModel.swift */,
				8758E5652672A905003FABA0 /* EachItemViewModel.swift */,
			);
			path = ViewModels;
			sourceTree = "<group>";
		};
		8783F4F426711616008D88F3 /* Coordinators */ = {
			isa = PBXGroup;
			children = (
				8783F56E267126EE008D88F3 /* TabBarCoordinator.swift */,
				8783F57326712708008D88F3 /* AppCoordinator.swift */,
				8783F58726712F5A008D88F3 /* MovieListCoordinator.swift */,
				8783F58C26712F7C008D88F3 /* SearchShowsCoordinator.swift */,
				8783F59126712FA9008D88F3 /* TVShowsCoordinator.swift */,
				8783F5A126713012008D88F3 /* ShowsDetailsCoordinator.swift */,
			);
			path = Coordinators;
			sourceTree = "<group>";
		};
		8783F4F52671162F008D88F3 /* Shared */ = {
			isa = PBXGroup;
			children = (
				8783F49B2671153D008D88F3 /* Main.storyboard */,
				8758E47026726EA2003FABA0 /* MovTvItemCollectionViewCell.xib */,
			);
			path = Shared;
			sourceTree = "<group>";
		};
		8783F4F626711640008D88F3 /* Controller */ = {
			isa = PBXGroup;
			children = (
				8783F59C26712FF8008D88F3 /* ShowsDetailsViewController.swift */,
				8783F58226712DDA008D88F3 /* SearchShowsViewController.swift */,
				8783F57826712D98008D88F3 /* MovieListViewController.swift */,
				8783F57D26712DB6008D88F3 /* TVShowsViewController.swift */,
			);
			path = Controller;
			sourceTree = "<group>";
		};
		8783F52E26711880008D88F3 /* Services */ = {
			isa = PBXGroup;
			children = (
				8783F56926711ECA008D88F3 /* TMDbWebService.swift */,
			);
			path = Services;
			sourceTree = "<group>";
		};
		8783F532267118CD008D88F3 /* Extensions */ = {
			isa = PBXGroup;
			children = (
				8758E459267269FF003FABA0 /* UIImageView+Extension.swift */,
				8758E454267269F0003FABA0 /* UICollectionViewLayout+Extension.swift */,
				8783F56426711D9C008D88F3 /* URLRequest+Request.swift */,
				8783F5A926713690008D88F3 /* UIViewController+Extensions.swift */,
				87AA452C2676515A00406165 /* UIImage+Image.swift */,
			);
			path = Extensions;
			sourceTree = "<group>";
		};
		8783F533267118F7008D88F3 /* Shared */ = {
			isa = PBXGroup;
			children = (
				8783F53626711953008D88F3 /* Protocols */,
				8783F53526711920008D88F3 /* Helper */,
				8783F5342671190B008D88F3 /* API */,
				8783F532267118CD008D88F3 /* Extensions */,
				8783F52E26711880008D88F3 /* Services */,
			);
			path = Shared;
			sourceTree = "<group>";
		};
		8783F5342671190B008D88F3 /* API */ = {
			isa = PBXGroup;
			children = (
				8783F54426711AF5008D88F3 /* URL+Api.swift */,
			);
			path = API;
			sourceTree = "<group>";
		};
		8783F53526711920008D88F3 /* Helper */ = {
			isa = PBXGroup;
			children = (
				8758E55826729FF6003FABA0 /* ToastView.swift */,
				8758E4EB26728CD2003FABA0 /* ProgressView */,
				8758E4E626728CB1003FABA0 /* ActivityIndicator.swift */,
				8783F53F267119D0008D88F3 /* Reachability.swift */,
				87705F1D267370350009146A /* UIMessages.swift */,
			);
			path = Helper;
			sourceTree = "<group>";
		};
		8783F53626711953008D88F3 /* Protocols */ = {
			isa = PBXGroup;
			children = (
				8783F5372671197E008D88F3 /* Coordinator.swift */,
				8758E48E26727E6B003FABA0 /* ViewModelProtocol.swift */,
			);
			path = Protocols;
			sourceTree = "<group>";
		};
		8783F5BC26714CD5008D88F3 /* Cells */ = {
			isa = PBXGroup;
			children = (
				8758E46F26726EA2003FABA0 /* MovTvItemCollectionViewCell.swift */,
				87705F2626738CC10009146A /* SearchResultTableViewCell.swift */,
			);
			path = Cells;
			sourceTree = "<group>";
		};
/* End PBXGroup section */

/* Begin PBXNativeTarget section */
		8783F4912671153D008D88F3 /* MovieTv */ = {
			isa = PBXNativeTarget;
			buildConfigurationList = 8783F4BC2671153E008D88F3 /* Build configuration list for PBXNativeTarget "MovieTv" */;
			buildPhases = (
				0FC82CFE413A7FD64033512B /* [CP] Check Pods Manifest.lock */,
				8783F48E2671153D008D88F3 /* Sources */,
				8783F48F2671153D008D88F3 /* Frameworks */,
				8783F4902671153D008D88F3 /* Resources */,
				F55142D38ABF5A0C17C2E680 /* [CP] Embed Pods Frameworks */,
			);
			buildRules = (
			);
			dependencies = (
			);
			name = MovieTv;
			productName = MovieTv;
			productReference = 8783F4922671153D008D88F3 /* MovieTv.app */;
			productType = "com.apple.product-type.application";
		};
		8783F4A72671153E008D88F3 /* MovieTvTests */ = {
			isa = PBXNativeTarget;
			buildConfigurationList = 8783F4BF2671153E008D88F3 /* Build configuration list for PBXNativeTarget "MovieTvTests" */;
			buildPhases = (
				F77A9AFAF75437A37C77C967 /* [CP] Check Pods Manifest.lock */,
				8783F4A42671153E008D88F3 /* Sources */,
				8783F4A52671153E008D88F3 /* Frameworks */,
				8783F4A62671153E008D88F3 /* Resources */,
			);
			buildRules = (
			);
			dependencies = (
				8783F4AA2671153E008D88F3 /* PBXTargetDependency */,
			);
			name = MovieTvTests;
			productName = MovieTvTests;
			productReference = 8783F4A82671153E008D88F3 /* MovieTvTests.xctest */;
			productType = "com.apple.product-type.bundle.unit-test";
		};
		8783F4B22671153E008D88F3 /* MovieTvUITests */ = {
			isa = PBXNativeTarget;
			buildConfigurationList = 8783F4C22671153E008D88F3 /* Build configuration list for PBXNativeTarget "MovieTvUITests" */;
			buildPhases = (
				F7F71F4F4AC2A27E1ABA9E7F /* [CP] Check Pods Manifest.lock */,
				8783F4AF2671153E008D88F3 /* Sources */,
				8783F4B02671153E008D88F3 /* Frameworks */,
				8783F4B12671153E008D88F3 /* Resources */,
				809DBFA127FDCD9B53189523 /* [CP] Embed Pods Frameworks */,
			);
			buildRules = (
			);
			dependencies = (
				8783F4B52671153E008D88F3 /* PBXTargetDependency */,
			);
			name = MovieTvUITests;
			productName = MovieTvUITests;
			productReference = 8783F4B32671153E008D88F3 /* MovieTvUITests.xctest */;
			productType = "com.apple.product-type.bundle.ui-testing";
		};
/* End PBXNativeTarget section */

/* Begin PBXProject section */
		8783F48A2671153C008D88F3 /* Project object */ = {
			isa = PBXProject;
			attributes = {
				LastSwiftUpdateCheck = 1240;
				LastUpgradeCheck = 1240;
				TargetAttributes = {
					8783F4912671153D008D88F3 = {
						CreatedOnToolsVersion = 12.4;
						LastSwiftMigration = 1240;
					};
					8783F4A72671153E008D88F3 = {
						CreatedOnToolsVersion = 12.4;
						TestTargetID = 8783F4912671153D008D88F3;
					};
					8783F4B22671153E008D88F3 = {
						CreatedOnToolsVersion = 12.4;
						TestTargetID = 8783F4912671153D008D88F3;
					};
				};
			};
			buildConfigurationList = 8783F48D2671153C008D88F3 /* Build configuration list for PBXProject "MovieTv" */;
			compatibilityVersion = "Xcode 9.3";
			developmentRegion = en;
			hasScannedForEncodings = 0;
			knownRegions = (
				en,
				Base,
			);
			mainGroup = 8783F4892671153C008D88F3;
			productRefGroup = 8783F4932671153D008D88F3 /* Products */;
			projectDirPath = "";
			projectRoot = "";
			targets = (
				8783F4912671153D008D88F3 /* MovieTv */,
				8783F4A72671153E008D88F3 /* MovieTvTests */,
				8783F4B22671153E008D88F3 /* MovieTvUITests */,
			);
		};
/* End PBXProject section */

/* Begin PBXResourcesBuildPhase section */
		8783F4902671153D008D88F3 /* Resources */ = {
			isa = PBXResourcesBuildPhase;
			buildActionMask = 2147483647;
			files = (
				8783F4A22671153E008D88F3 /* LaunchScreen.storyboard in Resources */,
				8783F52726711810008D88F3 /* Assets.xcassets in Resources */,
				8782412F26749F4E00D84F8C /* poster.jpeg in Resources */,
				8758E47226726EA2003FABA0 /* MovTvItemCollectionViewCell.xib in Resources */,
				8783F49D2671153D008D88F3 /* Main.storyboard in Resources */,
			);
			runOnlyForDeploymentPostprocessing = 0;
		};
		8783F4A62671153E008D88F3 /* Resources */ = {
			isa = PBXResourcesBuildPhase;
			buildActionMask = 2147483647;
			files = (
			);
			runOnlyForDeploymentPostprocessing = 0;
		};
		8783F4B12671153E008D88F3 /* Resources */ = {
			isa = PBXResourcesBuildPhase;
			buildActionMask = 2147483647;
			files = (
			);
			runOnlyForDeploymentPostprocessing = 0;
		};
/* End PBXResourcesBuildPhase section */

/* Begin PBXShellScriptBuildPhase section */
		0FC82CFE413A7FD64033512B /* [CP] Check Pods Manifest.lock */ = {
			isa = PBXShellScriptBuildPhase;
			buildActionMask = 2147483647;
			files = (
			);
			inputFileListPaths = (
			);
			inputPaths = (
				"${PODS_PODFILE_DIR_PATH}/Podfile.lock",
				"${PODS_ROOT}/Manifest.lock",
			);
			name = "[CP] Check Pods Manifest.lock";
			outputFileListPaths = (
			);
			outputPaths = (
				"$(DERIVED_FILE_DIR)/Pods-MovieTv-checkManifestLockResult.txt",
			);
			runOnlyForDeploymentPostprocessing = 0;
			shellPath = /bin/sh;
			shellScript = "diff \"${PODS_PODFILE_DIR_PATH}/Podfile.lock\" \"${PODS_ROOT}/Manifest.lock\" > /dev/null\nif [ $? != 0 ] ; then\n    # print error to STDERR\n    echo \"error: The sandbox is not in sync with the Podfile.lock. Run 'pod install' or update your CocoaPods installation.\" >&2\n    exit 1\nfi\n# This output is used by Xcode 'outputs' to avoid re-running this script phase.\necho \"SUCCESS\" > \"${SCRIPT_OUTPUT_FILE_0}\"\n";
			showEnvVarsInLog = 0;
		};
		809DBFA127FDCD9B53189523 /* [CP] Embed Pods Frameworks */ = {
			isa = PBXShellScriptBuildPhase;
			buildActionMask = 2147483647;
			files = (
			);
			inputFileListPaths = (
				"${PODS_ROOT}/Target Support Files/Pods-MovieTv-MovieTvUITests/Pods-MovieTv-MovieTvUITests-frameworks-${CONFIGURATION}-input-files.xcfilelist",
			);
			name = "[CP] Embed Pods Frameworks";
			outputFileListPaths = (
				"${PODS_ROOT}/Target Support Files/Pods-MovieTv-MovieTvUITests/Pods-MovieTv-MovieTvUITests-frameworks-${CONFIGURATION}-output-files.xcfilelist",
			);
			runOnlyForDeploymentPostprocessing = 0;
			shellPath = /bin/sh;
			shellScript = "\"${PODS_ROOT}/Target Support Files/Pods-MovieTv-MovieTvUITests/Pods-MovieTv-MovieTvUITests-frameworks.sh\"\n";
			showEnvVarsInLog = 0;
		};
		F55142D38ABF5A0C17C2E680 /* [CP] Embed Pods Frameworks */ = {
			isa = PBXShellScriptBuildPhase;
			buildActionMask = 2147483647;
			files = (
			);
			inputFileListPaths = (
				"${PODS_ROOT}/Target Support Files/Pods-MovieTv/Pods-MovieTv-frameworks-${CONFIGURATION}-input-files.xcfilelist",
			);
			name = "[CP] Embed Pods Frameworks";
			outputFileListPaths = (
				"${PODS_ROOT}/Target Support Files/Pods-MovieTv/Pods-MovieTv-frameworks-${CONFIGURATION}-output-files.xcfilelist",
			);
			runOnlyForDeploymentPostprocessing = 0;
			shellPath = /bin/sh;
			shellScript = "\"${PODS_ROOT}/Target Support Files/Pods-MovieTv/Pods-MovieTv-frameworks.sh\"\n";
			showEnvVarsInLog = 0;
		};
		F77A9AFAF75437A37C77C967 /* [CP] Check Pods Manifest.lock */ = {
			isa = PBXShellScriptBuildPhase;
			buildActionMask = 2147483647;
			files = (
			);
			inputFileListPaths = (
			);
			inputPaths = (
				"${PODS_PODFILE_DIR_PATH}/Podfile.lock",
				"${PODS_ROOT}/Manifest.lock",
			);
			name = "[CP] Check Pods Manifest.lock";
			outputFileListPaths = (
			);
			outputPaths = (
				"$(DERIVED_FILE_DIR)/Pods-MovieTvTests-checkManifestLockResult.txt",
			);
			runOnlyForDeploymentPostprocessing = 0;
			shellPath = /bin/sh;
			shellScript = "diff \"${PODS_PODFILE_DIR_PATH}/Podfile.lock\" \"${PODS_ROOT}/Manifest.lock\" > /dev/null\nif [ $? != 0 ] ; then\n    # print error to STDERR\n    echo \"error: The sandbox is not in sync with the Podfile.lock. Run 'pod install' or update your CocoaPods installation.\" >&2\n    exit 1\nfi\n# This output is used by Xcode 'outputs' to avoid re-running this script phase.\necho \"SUCCESS\" > \"${SCRIPT_OUTPUT_FILE_0}\"\n";
			showEnvVarsInLog = 0;
		};
		F7F71F4F4AC2A27E1ABA9E7F /* [CP] Check Pods Manifest.lock */ = {
			isa = PBXShellScriptBuildPhase;
			buildActionMask = 2147483647;
			files = (
			);
			inputFileListPaths = (
			);
			inputPaths = (
				"${PODS_PODFILE_DIR_PATH}/Podfile.lock",
				"${PODS_ROOT}/Manifest.lock",
			);
			name = "[CP] Check Pods Manifest.lock";
			outputFileListPaths = (
			);
			outputPaths = (
				"$(DERIVED_FILE_DIR)/Pods-MovieTv-MovieTvUITests-checkManifestLockResult.txt",
			);
			runOnlyForDeploymentPostprocessing = 0;
			shellPath = /bin/sh;
			shellScript = "diff \"${PODS_PODFILE_DIR_PATH}/Podfile.lock\" \"${PODS_ROOT}/Manifest.lock\" > /dev/null\nif [ $? != 0 ] ; then\n    # print error to STDERR\n    echo \"error: The sandbox is not in sync with the Podfile.lock. Run 'pod install' or update your CocoaPods installation.\" >&2\n    exit 1\nfi\n# This output is used by Xcode 'outputs' to avoid re-running this script phase.\necho \"SUCCESS\" > \"${SCRIPT_OUTPUT_FILE_0}\"\n";
			showEnvVarsInLog = 0;
		};
/* End PBXShellScriptBuildPhase section */

/* Begin PBXSourcesBuildPhase section */
		8783F48E2671153D008D88F3 /* Sources */ = {
			isa = PBXSourcesBuildPhase;
			buildActionMask = 2147483647;
			files = (
				8783F5382671197E008D88F3 /* Coordinator.swift in Sources */,
				8783F59D26712FF8008D88F3 /* ShowsDetailsViewController.swift in Sources */,
				8758E45A267269FF003FABA0 /* UIImageView+Extension.swift in Sources */,
				8758E455267269F0003FABA0 /* UICollectionViewLayout+Extension.swift in Sources */,
				8783F59226712FA9008D88F3 /* TVShowsCoordinator.swift in Sources */,
				8758E47126726EA2003FABA0 /* MovTvItemCollectionViewCell.swift in Sources */,
				878241342674AA1B00D84F8C /* ShowsDetailsViewModel.swift in Sources */,
				8783F57426712708008D88F3 /* AppCoordinator.swift in Sources */,
				8783F56F267126EE008D88F3 /* TabBarCoordinator.swift in Sources */,
				8783F4962671153D008D88F3 /* AppDelegate.swift in Sources */,
				87705F2C26738D110009146A /* SearchShowsViewModel.swift in Sources */,
				87824125267498AB00D84F8C /* DetailsResponse.swift in Sources */,
				8783F58D26712F7C008D88F3 /* SearchShowsCoordinator.swift in Sources */,
				8783F58826712F5A008D88F3 /* MovieListCoordinator.swift in Sources */,
				87AA452D2676515A00406165 /* UIImage+Image.swift in Sources */,
				8783F57E26712DB6008D88F3 /* TVShowsViewController.swift in Sources */,
				8783F5A226713012008D88F3 /* ShowsDetailsCoordinator.swift in Sources */,
				8783F540267119D0008D88F3 /* Reachability.swift in Sources */,
				8783F5AA26713690008D88F3 /* UIViewController+Extensions.swift in Sources */,
				8758E4F126728CD2003FABA0 /* StrokeColorAnimation.swift in Sources */,
				8758E4F326728CD2003FABA0 /* ProgressView.swift in Sources */,
				8758E4E726728CB1003FABA0 /* ActivityIndicator.swift in Sources */,
				8758E48F26727E6B003FABA0 /* ViewModelProtocol.swift in Sources */,
				8783F5D826715853008D88F3 /* MovieListViewModel.swift in Sources */,
				87705F2726738CC10009146A /* SearchResultTableViewCell.swift in Sources */,
				8783F56526711D9C008D88F3 /* URLRequest+Request.swift in Sources */,
				8758E4F526728CD2003FABA0 /* ProgressShapeLayer.swift in Sources */,
				8758E55E2672A4E4003FABA0 /* TVShowsListViewModel.swift in Sources */,
				8758E5662672A905003FABA0 /* EachItemViewModel.swift in Sources */,
				8758E4F226728CD2003FABA0 /* RotationAnimation.swift in Sources */,
				8758E4F426728CD2003FABA0 /* StrokeAnimation.swift in Sources */,
				8783F54526711AF5008D88F3 /* URL+Api.swift in Sources */,
				8783F58326712DDA008D88F3 /* SearchShowsViewController.swift in Sources */,
				8783F56A26711ECA008D88F3 /* TMDbWebService.swift in Sources */,
				8758E55926729FF6003FABA0 /* ToastView.swift in Sources */,
				8758E48A26727CC1003FABA0 /* ResponseModel.swift in Sources */,
				8783F57926712D98008D88F3 /* MovieListViewController.swift in Sources */,
				87705F1E267370350009146A /* UIMessages.swift in Sources */,
				8783F4982671153D008D88F3 /* SceneDelegate.swift in Sources */,
			);
			runOnlyForDeploymentPostprocessing = 0;
		};
		8783F4A42671153E008D88F3 /* Sources */ = {
			isa = PBXSourcesBuildPhase;
			buildActionMask = 2147483647;
			files = (
				8783F4AD2671153E008D88F3 /* MovieTvTests.swift in Sources */,
			);
			runOnlyForDeploymentPostprocessing = 0;
		};
		8783F4AF2671153E008D88F3 /* Sources */ = {
			isa = PBXSourcesBuildPhase;
			buildActionMask = 2147483647;
			files = (
				8783F4B82671153E008D88F3 /* MovieTvUITests.swift in Sources */,
			);
			runOnlyForDeploymentPostprocessing = 0;
		};
/* End PBXSourcesBuildPhase section */

/* Begin PBXTargetDependency section */
		8783F4AA2671153E008D88F3 /* PBXTargetDependency */ = {
			isa = PBXTargetDependency;
			target = 8783F4912671153D008D88F3 /* MovieTv */;
			targetProxy = 8783F4A92671153E008D88F3 /* PBXContainerItemProxy */;
		};
		8783F4B52671153E008D88F3 /* PBXTargetDependency */ = {
			isa = PBXTargetDependency;
			target = 8783F4912671153D008D88F3 /* MovieTv */;
			targetProxy = 8783F4B42671153E008D88F3 /* PBXContainerItemProxy */;
		};
/* End PBXTargetDependency section */

/* Begin PBXVariantGroup section */
		8783F49B2671153D008D88F3 /* Main.storyboard */ = {
			isa = PBXVariantGroup;
			children = (
				8783F49C2671153D008D88F3 /* Base */,
			);
			name = Main.storyboard;
			sourceTree = "<group>";
		};
		8783F4A02671153E008D88F3 /* LaunchScreen.storyboard */ = {
			isa = PBXVariantGroup;
			children = (
				8783F4A12671153E008D88F3 /* Base */,
			);
			name = LaunchScreen.storyboard;
			sourceTree = "<group>";
		};
/* End PBXVariantGroup section */

/* Begin XCBuildConfiguration section */
		8783F4BA2671153E008D88F3 /* Debug */ = {
			isa = XCBuildConfiguration;
			buildSettings = {
				ALWAYS_SEARCH_USER_PATHS = NO;
				CLANG_ANALYZER_NONNULL = YES;
				CLANG_ANALYZER_NUMBER_OBJECT_CONVERSION = YES_AGGRESSIVE;
				CLANG_CXX_LANGUAGE_STANDARD = "gnu++14";
				CLANG_CXX_LIBRARY = "libc++";
				CLANG_ENABLE_MODULES = YES;
				CLANG_ENABLE_OBJC_ARC = YES;
				CLANG_ENABLE_OBJC_WEAK = YES;
				CLANG_WARN_BLOCK_CAPTURE_AUTORELEASING = YES;
				CLANG_WARN_BOOL_CONVERSION = YES;
				CLANG_WARN_COMMA = YES;
				CLANG_WARN_CONSTANT_CONVERSION = YES;
				CLANG_WARN_DEPRECATED_OBJC_IMPLEMENTATIONS = YES;
				CLANG_WARN_DIRECT_OBJC_ISA_USAGE = YES_ERROR;
				CLANG_WARN_DOCUMENTATION_COMMENTS = YES;
				CLANG_WARN_EMPTY_BODY = YES;
				CLANG_WARN_ENUM_CONVERSION = YES;
				CLANG_WARN_INFINITE_RECURSION = YES;
				CLANG_WARN_INT_CONVERSION = YES;
				CLANG_WARN_NON_LITERAL_NULL_CONVERSION = YES;
				CLANG_WARN_OBJC_IMPLICIT_RETAIN_SELF = YES;
				CLANG_WARN_OBJC_LITERAL_CONVERSION = YES;
				CLANG_WARN_OBJC_ROOT_CLASS = YES_ERROR;
				CLANG_WARN_QUOTED_INCLUDE_IN_FRAMEWORK_HEADER = YES;
				CLANG_WARN_RANGE_LOOP_ANALYSIS = YES;
				CLANG_WARN_STRICT_PROTOTYPES = YES;
				CLANG_WARN_SUSPICIOUS_MOVE = YES;
				CLANG_WARN_UNGUARDED_AVAILABILITY = YES_AGGRESSIVE;
				CLANG_WARN_UNREACHABLE_CODE = YES;
				CLANG_WARN__DUPLICATE_METHOD_MATCH = YES;
				COPY_PHASE_STRIP = NO;
				DEBUG_INFORMATION_FORMAT = dwarf;
				ENABLE_STRICT_OBJC_MSGSEND = YES;
				ENABLE_TESTABILITY = YES;
				GCC_C_LANGUAGE_STANDARD = gnu11;
				GCC_DYNAMIC_NO_PIC = NO;
				GCC_NO_COMMON_BLOCKS = YES;
				GCC_OPTIMIZATION_LEVEL = 0;
				GCC_PREPROCESSOR_DEFINITIONS = (
					"DEBUG=1",
					"$(inherited)",
				);
				GCC_WARN_64_TO_32_BIT_CONVERSION = YES;
				GCC_WARN_ABOUT_RETURN_TYPE = YES_ERROR;
				GCC_WARN_UNDECLARED_SELECTOR = YES;
				GCC_WARN_UNINITIALIZED_AUTOS = YES_AGGRESSIVE;
				GCC_WARN_UNUSED_FUNCTION = YES;
				GCC_WARN_UNUSED_VARIABLE = YES;
				IPHONEOS_DEPLOYMENT_TARGET = 14.4;
				MTL_ENABLE_DEBUG_INFO = INCLUDE_SOURCE;
				MTL_FAST_MATH = YES;
				ONLY_ACTIVE_ARCH = YES;
				SDKROOT = iphoneos;
				SWIFT_ACTIVE_COMPILATION_CONDITIONS = DEBUG;
				SWIFT_OPTIMIZATION_LEVEL = "-Onone";
			};
			name = Debug;
		};
		8783F4BB2671153E008D88F3 /* Release */ = {
			isa = XCBuildConfiguration;
			buildSettings = {
				ALWAYS_SEARCH_USER_PATHS = NO;
				CLANG_ANALYZER_NONNULL = YES;
				CLANG_ANALYZER_NUMBER_OBJECT_CONVERSION = YES_AGGRESSIVE;
				CLANG_CXX_LANGUAGE_STANDARD = "gnu++14";
				CLANG_CXX_LIBRARY = "libc++";
				CLANG_ENABLE_MODULES = YES;
				CLANG_ENABLE_OBJC_ARC = YES;
				CLANG_ENABLE_OBJC_WEAK = YES;
				CLANG_WARN_BLOCK_CAPTURE_AUTORELEASING = YES;
				CLANG_WARN_BOOL_CONVERSION = YES;
				CLANG_WARN_COMMA = YES;
				CLANG_WARN_CONSTANT_CONVERSION = YES;
				CLANG_WARN_DEPRECATED_OBJC_IMPLEMENTATIONS = YES;
				CLANG_WARN_DIRECT_OBJC_ISA_USAGE = YES_ERROR;
				CLANG_WARN_DOCUMENTATION_COMMENTS = YES;
				CLANG_WARN_EMPTY_BODY = YES;
				CLANG_WARN_ENUM_CONVERSION = YES;
				CLANG_WARN_INFINITE_RECURSION = YES;
				CLANG_WARN_INT_CONVERSION = YES;
				CLANG_WARN_NON_LITERAL_NULL_CONVERSION = YES;
				CLANG_WARN_OBJC_IMPLICIT_RETAIN_SELF = YES;
				CLANG_WARN_OBJC_LITERAL_CONVERSION = YES;
				CLANG_WARN_OBJC_ROOT_CLASS = YES_ERROR;
				CLANG_WARN_QUOTED_INCLUDE_IN_FRAMEWORK_HEADER = YES;
				CLANG_WARN_RANGE_LOOP_ANALYSIS = YES;
				CLANG_WARN_STRICT_PROTOTYPES = YES;
				CLANG_WARN_SUSPICIOUS_MOVE = YES;
				CLANG_WARN_UNGUARDED_AVAILABILITY = YES_AGGRESSIVE;
				CLANG_WARN_UNREACHABLE_CODE = YES;
				CLANG_WARN__DUPLICATE_METHOD_MATCH = YES;
				COPY_PHASE_STRIP = NO;
				DEBUG_INFORMATION_FORMAT = "dwarf-with-dsym";
				ENABLE_NS_ASSERTIONS = NO;
				ENABLE_STRICT_OBJC_MSGSEND = YES;
				GCC_C_LANGUAGE_STANDARD = gnu11;
				GCC_NO_COMMON_BLOCKS = YES;
				GCC_WARN_64_TO_32_BIT_CONVERSION = YES;
				GCC_WARN_ABOUT_RETURN_TYPE = YES_ERROR;
				GCC_WARN_UNDECLARED_SELECTOR = YES;
				GCC_WARN_UNINITIALIZED_AUTOS = YES_AGGRESSIVE;
				GCC_WARN_UNUSED_FUNCTION = YES;
				GCC_WARN_UNUSED_VARIABLE = YES;
				IPHONEOS_DEPLOYMENT_TARGET = 14.4;
				MTL_ENABLE_DEBUG_INFO = NO;
				MTL_FAST_MATH = YES;
				SDKROOT = iphoneos;
				SWIFT_COMPILATION_MODE = wholemodule;
				SWIFT_OPTIMIZATION_LEVEL = "-O";
				VALIDATE_PRODUCT = YES;
			};
			name = Release;
		};
		8783F4BD2671153E008D88F3 /* Debug */ = {
			isa = XCBuildConfiguration;
			baseConfigurationReference = 53274F6B27E326D47BA49E38 /* Pods-MovieTv.debug.xcconfig */;
			buildSettings = {
				ASSETCATALOG_COMPILER_APPICON_NAME = AppIcon;
				ASSETCATALOG_COMPILER_GLOBAL_ACCENT_COLOR_NAME = AccentColor;
				CLANG_ENABLE_MODULES = YES;
				CODE_SIGN_STYLE = Automatic;
				DEVELOPMENT_TEAM = NNZ93T6W5N;
				INFOPLIST_FILE = MovieTv/Info.plist;
				LD_RUNPATH_SEARCH_PATHS = (
					"$(inherited)",
					"@executable_path/Frameworks",
				);
				PRODUCT_BUNDLE_IDENTIFIER = com.app.test.MovieTv;
				PRODUCT_NAME = "$(TARGET_NAME)";
				SWIFT_OBJC_BRIDGING_HEADER = "MovieTv/MovieTv-Bridging-Header.h";
				SWIFT_OPTIMIZATION_LEVEL = "-Onone";
				SWIFT_VERSION = 5.0;
				TARGETED_DEVICE_FAMILY = "1,2";
			};
			name = Debug;
		};
		8783F4BE2671153E008D88F3 /* Release */ = {
			isa = XCBuildConfiguration;
			baseConfigurationReference = 8052AD38E5D9E3F8B529527E /* Pods-MovieTv.release.xcconfig */;
			buildSettings = {
				ASSETCATALOG_COMPILER_APPICON_NAME = AppIcon;
				ASSETCATALOG_COMPILER_GLOBAL_ACCENT_COLOR_NAME = AccentColor;
				CLANG_ENABLE_MODULES = YES;
				CODE_SIGN_STYLE = Automatic;
				DEVELOPMENT_TEAM = NNZ93T6W5N;
				INFOPLIST_FILE = MovieTv/Info.plist;
				LD_RUNPATH_SEARCH_PATHS = (
					"$(inherited)",
					"@executable_path/Frameworks",
				);
				PRODUCT_BUNDLE_IDENTIFIER = com.app.test.MovieTv;
				PRODUCT_NAME = "$(TARGET_NAME)";
				SWIFT_OBJC_BRIDGING_HEADER = "MovieTv/MovieTv-Bridging-Header.h";
				SWIFT_VERSION = 5.0;
				TARGETED_DEVICE_FAMILY = "1,2";
			};
			name = Release;
		};
		8783F4C02671153E008D88F3 /* Debug */ = {
			isa = XCBuildConfiguration;
			baseConfigurationReference = C74EB906AB967819CE16012B /* Pods-MovieTvTests.debug.xcconfig */;
			buildSettings = {
				ALWAYS_EMBED_SWIFT_STANDARD_LIBRARIES = YES;
				BUNDLE_LOADER = "$(TEST_HOST)";
				CODE_SIGN_STYLE = Automatic;
				DEVELOPMENT_TEAM = 4563AN7S29;
				INFOPLIST_FILE = MovieTvTests/Info.plist;
				IPHONEOS_DEPLOYMENT_TARGET = 14.4;
				LD_RUNPATH_SEARCH_PATHS = (
					"$(inherited)",
					"@executable_path/Frameworks",
					"@loader_path/Frameworks",
				);
				PRODUCT_BUNDLE_IDENTIFIER = com.app.test.MovieTvTests;
				PRODUCT_NAME = "$(TARGET_NAME)";
				SWIFT_VERSION = 5.0;
				TARGETED_DEVICE_FAMILY = "1,2";
				TEST_HOST = "$(BUILT_PRODUCTS_DIR)/MovieTv.app/MovieTv";
			};
			name = Debug;
		};
		8783F4C12671153E008D88F3 /* Release */ = {
			isa = XCBuildConfiguration;
			baseConfigurationReference = A146CB4C76306217CDE43918 /* Pods-MovieTvTests.release.xcconfig */;
			buildSettings = {
				ALWAYS_EMBED_SWIFT_STANDARD_LIBRARIES = YES;
				BUNDLE_LOADER = "$(TEST_HOST)";
				CODE_SIGN_STYLE = Automatic;
				DEVELOPMENT_TEAM = 4563AN7S29;
				INFOPLIST_FILE = MovieTvTests/Info.plist;
				IPHONEOS_DEPLOYMENT_TARGET = 14.4;
				LD_RUNPATH_SEARCH_PATHS = (
					"$(inherited)",
					"@executable_path/Frameworks",
					"@loader_path/Frameworks",
				);
				PRODUCT_BUNDLE_IDENTIFIER = com.app.test.MovieTvTests;
				PRODUCT_NAME = "$(TARGET_NAME)";
				SWIFT_VERSION = 5.0;
				TARGETED_DEVICE_FAMILY = "1,2";
				TEST_HOST = "$(BUILT_PRODUCTS_DIR)/MovieTv.app/MovieTv";
			};
			name = Release;
		};
		8783F4C32671153E008D88F3 /* Debug */ = {
			isa = XCBuildConfiguration;
			baseConfigurationReference = DEFEF022C2E431687CEF1E0A /* Pods-MovieTv-MovieTvUITests.debug.xcconfig */;
			buildSettings = {
				ALWAYS_EMBED_SWIFT_STANDARD_LIBRARIES = YES;
				CODE_SIGN_STYLE = Automatic;
				DEVELOPMENT_TEAM = 4563AN7S29;
				INFOPLIST_FILE = MovieTvUITests/Info.plist;
				LD_RUNPATH_SEARCH_PATHS = (
					"$(inherited)",
					"@executable_path/Frameworks",
					"@loader_path/Frameworks",
				);
				PRODUCT_BUNDLE_IDENTIFIER = com.app.test.MovieTvUITests;
				PRODUCT_NAME = "$(TARGET_NAME)";
				SWIFT_VERSION = 5.0;
				TARGETED_DEVICE_FAMILY = "1,2";
				TEST_TARGET_NAME = MovieTv;
			};
			name = Debug;
		};
		8783F4C42671153E008D88F3 /* Release */ = {
			isa = XCBuildConfiguration;
			baseConfigurationReference = 19580E789F21682E9F6A5E93 /* Pods-MovieTv-MovieTvUITests.release.xcconfig */;
			buildSettings = {
				ALWAYS_EMBED_SWIFT_STANDARD_LIBRARIES = YES;
				CODE_SIGN_STYLE = Automatic;
				DEVELOPMENT_TEAM = 4563AN7S29;
				INFOPLIST_FILE = MovieTvUITests/Info.plist;
				LD_RUNPATH_SEARCH_PATHS = (
					"$(inherited)",
					"@executable_path/Frameworks",
					"@loader_path/Frameworks",
				);
				PRODUCT_BUNDLE_IDENTIFIER = com.app.test.MovieTvUITests;
				PRODUCT_NAME = "$(TARGET_NAME)";
				SWIFT_VERSION = 5.0;
				TARGETED_DEVICE_FAMILY = "1,2";
				TEST_TARGET_NAME = MovieTv;
			};
			name = Release;
		};
/* End XCBuildConfiguration section */

/* Begin XCConfigurationList section */
		8783F48D2671153C008D88F3 /* Build configuration list for PBXProject "MovieTv" */ = {
			isa = XCConfigurationList;
			buildConfigurations = (
				8783F4BA2671153E008D88F3 /* Debug */,
				8783F4BB2671153E008D88F3 /* Release */,
			);
			defaultConfigurationIsVisible = 0;
			defaultConfigurationName = Release;
		};
		8783F4BC2671153E008D88F3 /* Build configuration list for PBXNativeTarget "MovieTv" */ = {
			isa = XCConfigurationList;
			buildConfigurations = (
				8783F4BD2671153E008D88F3 /* Debug */,
				8783F4BE2671153E008D88F3 /* Release */,
			);
			defaultConfigurationIsVisible = 0;
			defaultConfigurationName = Release;
		};
		8783F4BF2671153E008D88F3 /* Build configuration list for PBXNativeTarget "MovieTvTests" */ = {
			isa = XCConfigurationList;
			buildConfigurations = (
				8783F4C02671153E008D88F3 /* Debug */,
				8783F4C12671153E008D88F3 /* Release */,
			);
			defaultConfigurationIsVisible = 0;
			defaultConfigurationName = Release;
		};
		8783F4C22671153E008D88F3 /* Build configuration list for PBXNativeTarget "MovieTvUITests" */ = {
			isa = XCConfigurationList;
			buildConfigurations = (
				8783F4C32671153E008D88F3 /* Debug */,
				8783F4C42671153E008D88F3 /* Release */,
			);
			defaultConfigurationIsVisible = 0;
			defaultConfigurationName = Release;
		};
/* End XCConfigurationList section */
	};
	rootObject = 8783F48A2671153C008D88F3 /* Project object */;
}
